{
  "name": "logigator-sim-golden-oracle",
  "version": "0.0.0",
  "lockfileVersion": 3,
  "requires": true,
  "packages": {
    "": {
      "name": "logigator-sim-golden-oracle",
      "version": "0.0.0",
      "dependencies": {
        "@logigator/logigator-simulation": "1.2.1"
      }
    },
    "node_modules/@logigator/logigator-simulation": {
      "version": "1.2.1",
      "resolved": "https://registry.npmjs.org/@logigator/logigator-simulation/-/logigator-simulation-1.2.1.tgz",
      "integrity": "sha512-T2bbZdoj0Zw5WC5WXij3kG6Im6L6lfu8J/5KMbdDTVqslxoBGxE13aeU37wwZXkz/uPYysks+qOiILmeSCnXlA==",
      "hasInstallScript": true,
      "license": "MIT",
      "dependencies": {
        "nan": "^2.15.0",
        "run-script-os": "^1.1.6"
      }
    },
    "node_modules/nan": {
      "version": "2.27.0",
      "resolved": "https://registry.npmjs.org/nan/-/nan-2.27.0.tgz",
      "integrity": "sha512-hC+0LidcL3XE4rp1C4H54KujgXKzbfyTngZTwBByQxsOxCEKZT0MPQ4hOKUH2jU1OYstqdDH4onyHPDzcV0XdQ==",
      "license": "MIT"
    },
    "node_modules/run-script-os": {
      "version": "1.1.6",
      "resolved": "https://registry.npmjs.org/run-script-os/-/run-script-os-1.1.6.tgz",
      "integrity": "sha512-ql6P2LzhBTTDfzKts+Qo4H94VUKpxKDFz6QxxwaUZN0mwvi7L3lpOI7BqPCq7lgDh3XLl0dpeXwfcVIitlrYrw==",
      "license": "MIT",
      "bin": {
        "run-os": "index.js",
        "run-script-os": "index.js"
      }
    }
  }
}
